
Microsoft Visual Studio Solution File, Format Version 12.00
# Visual Studio Version 17
VisualStudioVersion = 17.7.34031.279
MinimumVisualStudioVersion = 10.0.40219.1
Project("{FAE04EC0-301F-11D3-BF4B-00C04F79EFBC}") = "playfair", "PlayfairKodolo\playfair.csproj", "{7196AF8A-B78E-46BB-AC77-3F51296630CA}"
EndProject
Project("{FAE04EC0-301F-11D3-BF4B-00C04F79EFBC}") = "playfairGUI", "playfairGUI\playfairGUI.csproj", "{DB2BDF2F-42DE-49EC-BD3E-EDEBF5C69AF8}"
EndProject
Global
	GlobalSection(SolutionConfigurationPlatforms) = preSolution
		Debug|Any CPU = Debug|Any CPU
		Release|Any CPU = Release|Any CPU
	EndGlobalSection
	GlobalSection(ProjectConfigurationPlatforms) = postSolution
		{7196AF8A-B78E-46BB-AC77-3F51296630CA}.Debug|Any CPU.ActiveCfg = Debug|Any CPU
		{7196AF8A-B78E-46BB-AC77-3F51296630CA}.Debug|Any CPU.Build.0 = Debug|Any CPU
		{7196AF8A-B78E-46BB-AC77-3F51296630CA}.Release|Any CPU.ActiveCfg = Release|Any CPU
		{7196AF8A-B78E-46BB-AC77-3F51296630CA}.Release|Any CPU.Build.0 = Release|Any CPU
		{DB2BDF2F-42DE-49EC-BD3E-EDEBF5C69AF8}.Debug|Any CPU.ActiveCfg = Debug|Any CPU
		{DB2BDF2F-42DE-49EC-BD3E-EDEBF5C69AF8}.Debug|Any CPU.Build.0 = Debug|Any CPU
		{DB2BDF2F-42DE-49EC-BD3E-EDEBF5C69AF8}.Release|Any CPU.ActiveCfg = Release|Any CPU
		{DB2BDF2F-42DE-49EC-BD3E-EDEBF5C69AF8}.Release|Any CPU.Build.0 = Release|Any CPU
	EndGlobalSection
	GlobalSection(SolutionProperties) = preSolution
		HideSolutionNode = FALSE
	EndGlobalSection
	GlobalSection(ExtensibilityGlobals) = postSolution
		SolutionGuid = {87416AA2-8065-4B9F-8FDC-4C5F2B0902CA}
	EndGlobalSection
EndGlobal
